
Microsoft Visual Studio Solution File, Format Version 12.00
# Visual Studio Version 17
VisualStudioVersion = 17.10.34916.146
MinimumVisualStudioVersion = 10.0.40219.1
Project("{9A19103F-16F7-4668-BE54-9A1E7A4F7556}") = "HackerNewsApiWeb", "HackerNewsApiWeb\HackerNewsApiWeb.csproj", "{F6BAE77D-7740-42D1-B714-D6E9F4D013F7}"
EndProject
Project("{9A19103F-16F7-4668-BE54-9A1E7A4F7556}") = "HackerNewsApi.Tests", "HackerNewsApi.Tests\HackerNewsApi.Tests.csproj", "{CF7B209D-C58E-4D49-9C76-460A2738C41C}"
EndProject
Project("{9A19103F-16F7-4668-BE54-9A1E7A4F7556}") = "HackerNewsApi.Repository", "Repository\HackerNewsApi.Repository.csproj", "{AE593D66-8B12-4AAC-AB8E-5B5236880630}"
EndProject
Project("{FAE04EC0-301F-11D3-BF4B-00C04F79EFBC}") = "HackerNewsApi.Data", "HackerNewsApi.Data\HackerNewsApi.Data.csproj", "{43ACAF89-1C1F-452F-A329-E9570A527E5E}"
EndProject
Global
	GlobalSection(SolutionConfigurationPlatforms) = preSolution
		Debug|Any CPU = Debug|Any CPU
		Release|Any CPU = Release|Any CPU
	EndGlobalSection
	GlobalSection(ProjectConfigurationPlatforms) = postSolution
		{F6BAE77D-7740-42D1-B714-D6E9F4D013F7}.Debug|Any CPU.ActiveCfg = Debug|Any CPU
		{F6BAE77D-7740-42D1-B714-D6E9F4D013F7}.Debug|Any CPU.Build.0 = Debug|Any CPU
		{F6BAE77D-7740-42D1-B714-D6E9F4D013F7}.Release|Any CPU.ActiveCfg = Release|Any CPU
		{F6BAE77D-7740-42D1-B714-D6E9F4D013F7}.Release|Any CPU.Build.0 = Release|Any CPU
		{CF7B209D-C58E-4D49-9C76-460A2738C41C}.Debug|Any CPU.ActiveCfg = Debug|Any CPU
		{CF7B209D-C58E-4D49-9C76-460A2738C41C}.Debug|Any CPU.Build.0 = Debug|Any CPU
		{CF7B209D-C58E-4D49-9C76-460A2738C41C}.Release|Any CPU.ActiveCfg = Release|Any CPU
		{CF7B209D-C58E-4D49-9C76-460A2738C41C}.Release|Any CPU.Build.0 = Release|Any CPU
		{AE593D66-8B12-4AAC-AB8E-5B5236880630}.Debug|Any CPU.ActiveCfg = Debug|Any CPU
		{AE593D66-8B12-4AAC-AB8E-5B5236880630}.Debug|Any CPU.Build.0 = Debug|Any CPU
		{AE593D66-8B12-4AAC-AB8E-5B5236880630}.Release|Any CPU.ActiveCfg = Release|Any CPU
		{AE593D66-8B12-4AAC-AB8E-5B5236880630}.Release|Any CPU.Build.0 = Release|Any CPU
		{43ACAF89-1C1F-452F-A329-E9570A527E5E}.Debug|Any CPU.ActiveCfg = Debug|Any CPU
		{43ACAF89-1C1F-452F-A329-E9570A527E5E}.Debug|Any CPU.Build.0 = Debug|Any CPU
		{43ACAF89-1C1F-452F-A329-E9570A527E5E}.Release|Any CPU.ActiveCfg = Release|Any CPU
		{43ACAF89-1C1F-452F-A329-E9570A527E5E}.Release|Any CPU.Build.0 = Release|Any CPU
	EndGlobalSection
	GlobalSection(SolutionProperties) = preSolution
		HideSolutionNode = FALSE
	EndGlobalSection
	GlobalSection(ExtensibilityGlobals) = postSolution
		SolutionGuid = {F4A34351-8774-4ED1-B314-74F1A5E9D993}
	EndGlobalSection
EndGlobal
